// !$*UTF8*$!
{
	archiveVersion = 1;
	classes = {
	};
	objectVersion = 56;
	objects = {

/* Begin PBXBuildFile section */
		7DDEC0652BF34EC500A16CB2 /* AppDelegate.swift in Sources */ = {isa = PBXBuildFile; fileRef = 7DDEC0642BF34EC500A16CB2 /* AppDelegate.swift */; };
		7DDEC0672BF34EC500A16CB2 /* SceneDelegate.swift in Sources */ = {isa = PBXBuildFile; fileRef = 7DDEC0662BF34EC500A16CB2 /* SceneDelegate.swift */; };
		7DDEC0692BF34EC500A16CB2 /* ViewController.swift in Sources */ = {isa = PBXBuildFile; fileRef = 7DDEC0682BF34EC500A16CB2 /* ViewController.swift */; };
		7DDEC06C2BF34EC500A16CB2 /* Base in Resources */ = {isa = PBXBuildFile; fileRef = 7DDEC06B2BF34EC500A16CB2 /* Base */; };
		7DDEC06E2BF34EC700A16CB2 /* Assets.xcassets in Resources */ = {isa = PBXBuildFile; fileRef = 7DDEC06D2BF34EC700A16CB2 /* Assets.xcassets */; };
		7DDEC0712BF34EC700A16CB2 /* Base in Resources */ = {isa = PBXBuildFile; fileRef = 7DDEC0702BF34EC700A16CB2 /* Base */; };
		7DDEC0C82BF5EF3600A16CB2 /* NetflixMainViewController.swift in Sources */ = {isa = PBXBuildFile; fileRef = 7DDEC0C72BF5EF3600A16CB2 /* NetflixMainViewController.swift */; };
		7DDEC0CA2BF5EF5B00A16CB2 /* NetflixSearchViewController.swift in Sources */ = {isa = PBXBuildFile; fileRef = 7DDEC0C92BF5EF5B00A16CB2 /* NetflixSearchViewController.swift */; };
		7DDEC0CC2BF5EF8300A16CB2 /* NetflixContentListViewController.swift in Sources */ = {isa = PBXBuildFile; fileRef = 7DDEC0CB2BF5EF8300A16CB2 /* NetflixContentListViewController.swift */; };
		7DDEC0CE2BF645D800A16CB2 /* NetflixSignupViewController.swift in Sources */ = {isa = PBXBuildFile; fileRef = 7DDEC0CD2BF645D700A16CB2 /* NetflixSignupViewController.swift */; };
		7DDEC0D02BF7226000A16CB2 /* ExampleViewController.swift in Sources */ = {isa = PBXBuildFile; fileRef = 7DDEC0CF2BF7226000A16CB2 /* ExampleViewController.swift */; };
/* End PBXBuildFile section */

/* Begin PBXFileReference section */
		7DDEC0612BF34EC500A16CB2 /* SesacAssignment0514.app */ = {isa = PBXFileReference; explicitFileType = wrapper.application; includeInIndex = 0; path = SesacAssignment0514.app; sourceTree = BUILT_PRODUCTS_DIR; };
		7DDEC0642BF34EC500A16CB2 /* AppDelegate.swift */ = {isa = PBXFileReference; lastKnownFileType = sourcecode.swift; path = AppDelegate.swift; sourceTree = "<group>"; };
		7DDEC0662BF34EC500A16CB2 /* SceneDelegate.swift */ = {isa = PBXFileReference; lastKnownFileType = sourcecode.swift; path = SceneDelegate.swift; sourceTree = "<group>"; };
		7DDEC0682BF34EC500A16CB2 /* ViewController.swift */ = {isa = PBXFileReference; lastKnownFileType = sourcecode.swift; path = ViewController.swift; sourceTree = "<group>"; };
		7DDEC06B2BF34EC500A16CB2 /* Base */ = {isa = PBXFileReference; lastKnownFileType = file.storyboard; name = Base; path = Base.lproj/Main.storyboard; sourceTree = "<group>"; };
		7DDEC06D2BF34EC700A16CB2 /* Assets.xcassets */ = {isa = PBXFileReference; lastKnownFileType = folder.assetcatalog; path = Assets.xcassets; sourceTree = "<group>"; };
		7DDEC0702BF34EC700A16CB2 /* Base */ = {isa = PBXFileReference; lastKnownFileType = file.storyboard; name = Base; path = Base.lproj/LaunchScreen.storyboard; sourceTree = "<group>"; };
		7DDEC0722BF34EC700A16CB2 /* Info.plist */ = {isa = PBXFileReference; lastKnownFileType = text.plist.xml; path = Info.plist; sourceTree = "<group>"; };
		7DDEC0C72BF5EF3600A16CB2 /* NetflixMainViewController.swift */ = {isa = PBXFileReference; lastKnownFileType = sourcecode.swift; path = NetflixMainViewController.swift; sourceTree = "<group>"; };
		7DDEC0C92BF5EF5B00A16CB2 /* NetflixSearchViewController.swift */ = {isa = PBXFileReference; lastKnownFileType = sourcecode.swift; path = NetflixSearchViewController.swift; sourceTree = "<group>"; };
		7DDEC0CB2BF5EF8300A16CB2 /* NetflixContentListViewController.swift */ = {isa = PBXFileReference; lastKnownFileType = sourcecode.swift; path = NetflixContentListViewController.swift; sourceTree = "<group>"; };
		7DDEC0CD2BF645D700A16CB2 /* NetflixSignupViewController.swift */ = {isa = PBXFileReference; lastKnownFileType = sourcecode.swift; path = NetflixSignupViewController.swift; sourceTree = "<group>"; };
		7DDEC0CF2BF7226000A16CB2 /* ExampleViewController.swift */ = {isa = PBXFileReference; lastKnownFileType = sourcecode.swift; path = ExampleViewController.swift; sourceTree = "<group>"; };
/* End PBXFileReference section */

/* Begin PBXFrameworksBuildPhase section */
		7DDEC05E2BF34EC500A16CB2 /* Frameworks */ = {
			isa = PBXFrameworksBuildPhase;
			buildActionMask = 2147483647;
			files = (
			);
			runOnlyForDeploymentPostprocessing = 0;
		};
/* End PBXFrameworksBuildPhase section */

/* Begin PBXGroup section */
		7DDEC0582BF34EC500A16CB2 = {
			isa = PBXGroup;
			children = (
				7DDEC0632BF34EC500A16CB2 /* SesacAssignment0514 */,
				7DDEC0622BF34EC500A16CB2 /* Products */,
			);
			sourceTree = "<group>";
		};
		7DDEC0622BF34EC500A16CB2 /* Products */ = {
			isa = PBXGroup;
			children = (
				7DDEC0612BF34EC500A16CB2 /* SesacAssignment0514.app */,
			);
			name = Products;
			sourceTree = "<group>";
		};
		7DDEC0632BF34EC500A16CB2 /* SesacAssignment0514 */ = {
			isa = PBXGroup;
			children = (
				7DDEC0C62BF5EF1200A16CB2 /* ViewController */,
				7DDEC0642BF34EC500A16CB2 /* AppDelegate.swift */,
				7DDEC0662BF34EC500A16CB2 /* SceneDelegate.swift */,
				7DDEC0682BF34EC500A16CB2 /* ViewController.swift */,
				7DDEC06A2BF34EC500A16CB2 /* Main.storyboard */,
				7DDEC06D2BF34EC700A16CB2 /* Assets.xcassets */,
				7DDEC06F2BF34EC700A16CB2 /* LaunchScreen.storyboard */,
				7DDEC0722BF34EC700A16CB2 /* Info.plist */,
				7DDEC0CF2BF7226000A16CB2 /* ExampleViewController.swift */,
			);
			path = SesacAssignment0514;
			sourceTree = "<group>";
		};
		7DDEC0C62BF5EF1200A16CB2 /* ViewController */ = {
			isa = PBXGroup;
			children = (
				7DDEC0C72BF5EF3600A16CB2 /* NetflixMainViewController.swift */,
				7DDEC0C92BF5EF5B00A16CB2 /* NetflixSearchViewController.swift */,
				7DDEC0CB2BF5EF8300A16CB2 /* NetflixContentListViewController.swift */,
				7DDEC0CD2BF645D700A16CB2 /* NetflixSignupViewController.swift */,
			);
			path = ViewController;
			sourceTree = "<group>";
		};
/* End PBXGroup section */

/* Begin PBXNativeTarget section */
		7DDEC0602BF34EC500A16CB2 /* SesacAssignment0514 */ = {
			isa = PBXNativeTarget;
			buildConfigurationList = 7DDEC0752BF34EC700A16CB2 /* Build configuration list for PBXNativeTarget "SesacAssignment0514" */;
			buildPhases = (
				7DDEC05D2BF34EC500A16CB2 /* Sources */,
				7DDEC05E2BF34EC500A16CB2 /* Frameworks */,
				7DDEC05F2BF34EC500A16CB2 /* Resources */,
			);
			buildRules = (
			);
			dependencies = (
			);
			name = SesacAssignment0514;
			productName = SesacAssignment0514;
			productReference = 7DDEC0612BF34EC500A16CB2 /* SesacAssignment0514.app */;
			productType = "com.apple.product-type.application";
		};
/* End PBXNativeTarget section */

/* Begin PBXProject section */
		7DDEC0592BF34EC500A16CB2 /* Project object */ = {
			isa = PBXProject;
			attributes = {
				BuildIndependentTargetsInParallel = 1;
				LastSwiftUpdateCheck = 1530;
				LastUpgradeCheck = 1530;
				TargetAttributes = {
					7DDEC0602BF34EC500A16CB2 = {
						CreatedOnToolsVersion = 15.3;
					};
				};
			};
			buildConfigurationList = 7DDEC05C2BF34EC500A16CB2 /* Build configuration list for PBXProject "SesacAssignment0514" */;
			compatibilityVersion = "Xcode 14.0";
			developmentRegion = en;
			hasScannedForEncodings = 0;
			knownRegions = (
				en,
				Base,
			);
			mainGroup = 7DDEC0582BF34EC500A16CB2;
			productRefGroup = 7DDEC0622BF34EC500A16CB2 /* Products */;
			projectDirPath = "";
			projectRoot = "";
			targets = (
				7DDEC0602BF34EC500A16CB2 /* SesacAssignment0514 */,
			);
		};
/* End PBXProject section */

/* Begin PBXResourcesBuildPhase section */
		7DDEC05F2BF34EC500A16CB2 /* Resources */ = {
			isa = PBXResourcesBuildPhase;
			buildActionMask = 2147483647;
			files = (
				7DDEC06E2BF34EC700A16CB2 /* Assets.xcassets in Resources */,
				7DDEC0712BF34EC700A16CB2 /* Base in Resources */,
				7DDEC06C2BF34EC500A16CB2 /* Base in Resources */,
			);
			runOnlyForDeploymentPostprocessing = 0;
		};
/* End PBXResourcesBuildPhase section */

/* Begin PBXSourcesBuildPhase section */
		7DDEC05D2BF34EC500A16CB2 /* Sources */ = {
			isa = PBXSourcesBuildPhase;
			buildActionMask = 2147483647;
			files = (
				7DDEC0C82BF5EF3600A16CB2 /* NetflixMainViewController.swift in Sources */,
				7DDEC0D02BF7226000A16CB2 /* ExampleViewController.swift in Sources */,
				7DDEC0692BF34EC500A16CB2 /* ViewController.swift in Sources */,
				7DDEC0652BF34EC500A16CB2 /* AppDelegate.swift in Sources */,
				7DDEC0CA2BF5EF5B00A16CB2 /* NetflixSearchViewController.swift in Sources */,
				7DDEC0672BF34EC500A16CB2 /* SceneDelegate.swift in Sources */,
				7DDEC0CC2BF5EF8300A16CB2 /* NetflixContentListViewController.swift in Sources */,
				7DDEC0CE2BF645D800A16CB2 /* NetflixSignupViewController.swift in Sources */,
			);
			runOnlyForDeploymentPostprocessing = 0;
		};
/* End PBXSourcesBuildPhase section */

/* Begin PBXVariantGroup section */
		7DDEC06A2BF34EC500A16CB2 /* Main.storyboard */ = {
			isa = PBXVariantGroup;
			children = (
				7DDEC06B2BF34EC500A16CB2 /* Base */,
			);
			name = Main.storyboard;
			sourceTree = "<group>";
		};
		7DDEC06F2BF34EC700A16CB2 /* LaunchScreen.storyboard */ = {
			isa = PBXVariantGroup;
			children = (
				7DDEC0702BF34EC700A16CB2 /* Base */,
			);
			name = LaunchScreen.storyboard;
			sourceTree = "<group>";
		};
/* End PBXVariantGroup section */

/* Begin XCBuildConfiguration section */
		7DDEC0732BF34EC700A16CB2 /* Debug */ = {
			isa = XCBuildConfiguration;
			buildSettings = {
				ALWAYS_SEARCH_USER_PATHS = NO;
				ASSETCATALOG_COMPILER_GENERATE_SWIFT_ASSET_SYMBOL_EXTENSIONS = YES;
				CLANG_ANALYZER_NONNULL = YES;
				CLANG_ANALYZER_NUMBER_OBJECT_CONVERSION = YES_AGGRESSIVE;
				CLANG_CXX_LANGUAGE_STANDARD = "gnu++20";
				CLANG_ENABLE_MODULES = YES;
				CLANG_ENABLE_OBJC_ARC = YES;
				CLANG_ENABLE_OBJC_WEAK = YES;
				CLANG_WARN_BLOCK_CAPTURE_AUTORELEASING = YES;
				CLANG_WARN_BOOL_CONVERSION = YES;
				CLANG_WARN_COMMA = YES;
				CLANG_WARN_CONSTANT_CONVERSION = YES;
				CLANG_WARN_DEPRECATED_OBJC_IMPLEMENTATIONS = YES;
				CLANG_WARN_DIRECT_OBJC_ISA_USAGE = YES_ERROR;
				CLANG_WARN_DOCUMENTATION_COMMENTS = YES;
				CLANG_WARN_EMPTY_BODY = YES;
				CLANG_WARN_ENUM_CONVERSION = YES;
				CLANG_WARN_INFINITE_RECURSION = YES;
				CLANG_WARN_INT_CONVERSION = YES;
				CLANG_WARN_NON_LITERAL_NULL_CONVERSION = YES;
				CLANG_WARN_OBJC_IMPLICIT_RETAIN_SELF = YES;
				CLANG_WARN_OBJC_LITERAL_CONVERSION = YES;
				CLANG_WARN_OBJC_ROOT_CLASS = YES_ERROR;
				CLANG_WARN_QUOTED_INCLUDE_IN_FRAMEWORK_HEADER = YES;
				CLANG_WARN_RANGE_LOOP_ANALYSIS = YES;
				CLANG_WARN_STRICT_PROTOTYPES = YES;
				CLANG_WARN_SUSPICIOUS_MOVE = YES;
				CLANG_WARN_UNGUARDED_AVAILABILITY = YES_AGGRESSIVE;
				CLANG_WARN_UNREACHABLE_CODE = YES;
				CLANG_WARN__DUPLICATE_METHOD_MATCH = YES;
				COPY_PHASE_STRIP = NO;
				DEBUG_INFORMATION_FORMAT = dwarf;
				ENABLE_STRICT_OBJC_MSGSEND = YES;
				ENABLE_TESTABILITY = YES;
				ENABLE_USER_SCRIPT_SANDBOXING = YES;
				GCC_C_LANGUAGE_STANDARD = gnu17;
				GCC_DYNAMIC_NO_PIC = NO;
				GCC_NO_COMMON_BLOCKS = YES;
				GCC_OPTIMIZATION_LEVEL = 0;
				GCC_PREPROCESSOR_DEFINITIONS = (
					"DEBUG=1",
					"$(inherited)",
				);
				GCC_WARN_64_TO_32_BIT_CONVERSION = YES;
				GCC_WARN_ABOUT_RETURN_TYPE = YES_ERROR;
				GCC_WARN_UNDECLARED_SELECTOR = YES;
				GCC_WARN_UNINITIALIZED_AUTOS = YES_AGGRESSIVE;
				GCC_WARN_UNUSED_FUNCTION = YES;
				GCC_WARN_UNUSED_VARIABLE = YES;
				IPHONEOS_DEPLOYMENT_TARGET = 17.4;
				LOCALIZATION_PREFERS_STRING_CATALOGS = YES;
				MTL_ENABLE_DEBUG_INFO = INCLUDE_SOURCE;
				MTL_FAST_MATH = YES;
				ONLY_ACTIVE_ARCH = YES;
				SDKROOT = iphoneos;
				SWIFT_ACTIVE_COMPILATION_CONDITIONS = "DEBUG $(inherited)";
				SWIFT_OPTIMIZATION_LEVEL = "-Onone";
			};
			name = Debug;
		};
		7DDEC0742BF34EC700A16CB2 /* Release */ = {
			isa = XCBuildConfiguration;
			buildSettings = {
				ALWAYS_SEARCH_USER_PATHS = NO;
				ASSETCATALOG_COMPILER_GENERATE_SWIFT_ASSET_SYMBOL_EXTENSIONS = YES;
				CLANG_ANALYZER_NONNULL = YES;
				CLANG_ANALYZER_NUMBER_OBJECT_CONVERSION = YES_AGGRESSIVE;
				CLANG_CXX_LANGUAGE_STANDARD = "gnu++20";
				CLANG_ENABLE_MODULES = YES;
				CLANG_ENABLE_OBJC_ARC = YES;
				CLANG_ENABLE_OBJC_WEAK = YES;
				CLANG_WARN_BLOCK_CAPTURE_AUTORELEASING = YES;
				CLANG_WARN_BOOL_CONVERSION = YES;
				CLANG_WARN_COMMA = YES;
				CLANG_WARN_CONSTANT_CONVERSION = YES;
				CLANG_WARN_DEPRECATED_OBJC_IMPLEMENTATIONS = YES;
				CLANG_WARN_DIRECT_OBJC_ISA_USAGE = YES_ERROR;
				CLANG_WARN_DOCUMENTATION_COMMENTS = YES;
				CLANG_WARN_EMPTY_BODY = YES;
				CLANG_WARN_ENUM_CONVERSION = YES;
				CLANG_WARN_INFINITE_RECURSION = YES;
				CLANG_WARN_INT_CONVERSION = YES;
				CLANG_WARN_NON_LITERAL_NULL_CONVERSION = YES;
				CLANG_WARN_OBJC_IMPLICIT_RETAIN_SELF = YES;
				CLANG_WARN_OBJC_LITERAL_CONVERSION = YES;
				CLANG_WARN_OBJC_ROOT_CLASS = YES_ERROR;
				CLANG_WARN_QUOTED_INCLUDE_IN_FRAMEWORK_HEADER = YES;
				CLANG_WARN_RANGE_LOOP_ANALYSIS = YES;
				CLANG_WARN_STRICT_PROTOTYPES = YES;
				CLANG_WARN_SUSPICIOUS_MOVE = YES;
				CLANG_WARN_UNGUARDED_AVAILABILITY = YES_AGGRESSIVE;
				CLANG_WARN_UNREACHABLE_CODE = YES;
				CLANG_WARN__DUPLICATE_METHOD_MATCH = YES;
				COPY_PHASE_STRIP = NO;
				DEBUG_INFORMATION_FORMAT = "dwarf-with-dsym";
				ENABLE_NS_ASSERTIONS = NO;
				ENABLE_STRICT_OBJC_MSGSEND = YES;
				ENABLE_USER_SCRIPT_SANDBOXING = YES;
				GCC_C_LANGUAGE_STANDARD = gnu17;
				GCC_NO_COMMON_BLOCKS = YES;
				GCC_WARN_64_TO_32_BIT_CONVERSION = YES;
				GCC_WARN_ABOUT_RETURN_TYPE = YES_ERROR;
				GCC_WARN_UNDECLARED_SELECTOR = YES;
				GCC_WARN_UNINITIALIZED_AUTOS = YES_AGGRESSIVE;
				GCC_WARN_UNUSED_FUNCTION = YES;
				GCC_WARN_UNUSED_VARIABLE = YES;
				IPHONEOS_DEPLOYMENT_TARGET = 17.4;
				LOCALIZATION_PREFERS_STRING_CATALOGS = YES;
				MTL_ENABLE_DEBUG_INFO = NO;
				MTL_FAST_MATH = YES;
				SDKROOT = iphoneos;
				SWIFT_COMPILATION_MODE = wholemodule;
				VALIDATE_PRODUCT = YES;
			};
			name = Release;
		};
		7DDEC0762BF34EC700A16CB2 /* Debug */ = {
			isa = XCBuildConfiguration;
			buildSettings = {
				ASSETCATALOG_COMPILER_APPICON_NAME = AppIcon;
				ASSETCATALOG_COMPILER_GLOBAL_ACCENT_COLOR_NAME = AccentColor;
				CODE_SIGN_STYLE = Automatic;
				CURRENT_PROJECT_VERSION = 1;
				DEVELOPMENT_TEAM = 5B4DDA3JD6;
				GENERATE_INFOPLIST_FILE = YES;
				INFOPLIST_FILE = SesacAssignment0514/Info.plist;
				INFOPLIST_KEY_UIApplicationSupportsIndirectInputEvents = YES;
				INFOPLIST_KEY_UILaunchStoryboardName = LaunchScreen;
				INFOPLIST_KEY_UIMainStoryboardFile = Main;
				INFOPLIST_KEY_UISupportedInterfaceOrientations_iPad = "UIInterfaceOrientationPortrait UIInterfaceOrientationPortraitUpsideDown UIInterfaceOrientationLandscapeLeft UIInterfaceOrientationLandscapeRight";
				INFOPLIST_KEY_UISupportedInterfaceOrientations_iPhone = "UIInterfaceOrientationPortrait UIInterfaceOrientationLandscapeLeft UIInterfaceOrientationLandscapeRight";
				IPHONEOS_DEPLOYMENT_TARGET = 16.0;
				LD_RUNPATH_SEARCH_PATHS = (
					"$(inherited)",
					"@executable_path/Frameworks",
				);
				MARKETING_VERSION = 1.0;
				PRODUCT_BUNDLE_IDENTIFIER = com.yeonju.SesacAssignment0514;
				PRODUCT_NAME = "$(TARGET_NAME)";
				SUPPORTED_PLATFORMS = "iphoneos iphonesimulator";
				SUPPORTS_MACCATALYST = NO;
				SUPPORTS_MAC_DESIGNED_FOR_IPHONE_IPAD = NO;
				SUPPORTS_XR_DESIGNED_FOR_IPHONE_IPAD = NO;
				SWIFT_EMIT_LOC_STRINGS = YES;
				SWIFT_VERSION = 5.0;
				TARGETED_DEVICE_FAMILY = 1;
			};
			name = Debug;
		};
		7DDEC0772BF34EC700A16CB2 /* Release */ = {
			isa = XCBuildConfiguration;
			buildSettings = {
				ASSETCATALOG_COMPILER_APPICON_NAME = AppIcon;
				ASSETCATALOG_COMPILER_GLOBAL_ACCENT_COLOR_NAME = AccentColor;
				CODE_SIGN_STYLE = Automatic;
				CURRENT_PROJECT_VERSION = 1;
				DEVELOPMENT_TEAM = 5B4DDA3JD6;
				GENERATE_INFOPLIST_FILE = YES;
				INFOPLIST_FILE = SesacAssignment0514/Info.plist;
				INFOPLIST_KEY_UIApplicationSupportsIndirectInputEvents = YES;
				INFOPLIST_KEY_UILaunchStoryboardName = LaunchScreen;
				INFOPLIST_KEY_UIMainStoryboardFile = Main;
				INFOPLIST_KEY_UISupportedInterfaceOrientations_iPad = "UIInterfaceOrientationPortrait UIInterfaceOrientationPortraitUpsideDown UIInterfaceOrientationLandscapeLeft UIInterfaceOrientationLandscapeRight";
				INFOPLIST_KEY_UISupportedInterfaceOrientations_iPhone = "UIInterfaceOrientationPortrait UIInterfaceOrientationLandscapeLeft UIInterfaceOrientationLandscapeRight";
				IPHONEOS_DEPLOYMENT_TARGET = 16.0;
				LD_RUNPATH_SEARCH_PATHS = (
					"$(inherited)",
					"@executable_path/Frameworks",
				);
				MARKETING_VERSION = 1.0;
				PRODUCT_BUNDLE_IDENTIFIER = com.yeonju.SesacAssignment0514;
				PRODUCT_NAME = "$(TARGET_NAME)";
				SUPPORTED_PLATFORMS = "iphoneos iphonesimulator";
				SUPPORTS_MACCATALYST = NO;
				SUPPORTS_MAC_DESIGNED_FOR_IPHONE_IPAD = NO;
				SUPPORTS_XR_DESIGNED_FOR_IPHONE_IPAD = NO;
				SWIFT_EMIT_LOC_STRINGS = YES;
				SWIFT_VERSION = 5.0;
				TARGETED_DEVICE_FAMILY = 1;
			};
			name = Release;
		};
/* End XCBuildConfiguration section */

/* Begin XCConfigurationList section */
		7DDEC05C2BF34EC500A16CB2 /* Build configuration list for PBXProject "SesacAssignment0514" */ = {
			isa = XCConfigurationList;
			buildConfigurations = (
				7DDEC0732BF34EC700A16CB2 /* Debug */,
				7DDEC0742BF34EC700A16CB2 /* Release */,
			);
			defaultConfigurationIsVisible = 0;
			defaultConfigurationName = Release;
		};
		7DDEC0752BF34EC700A16CB2 /* Build configuration list for PBXNativeTarget "SesacAssignment0514" */ = {
			isa = XCConfigurationList;
			buildConfigurations = (
				7DDEC0762BF34EC700A16CB2 /* Debug */,
				7DDEC0772BF34EC700A16CB2 /* Release */,
			);
			defaultConfigurationIsVisible = 0;
			defaultConfigurationName = Release;
		};
/* End XCConfigurationList section */
	};
	rootObject = 7DDEC0592BF34EC500A16CB2 /* Project object */;
}
